
Microsoft Visual Studio Solution File, Format Version 12.00
# Visual Studio Version 17
VisualStudioVersion = 17.8.34330.188
MinimumVisualStudioVersion = 10.0.40219.1
Project("{FAE04EC0-301F-11D3-BF4B-00C04F79EFBC}") = "FinancialPlanner1", "FinancialPlanner1.csproj", "{74C9A9EB-D8B6-402C-8539-2D68217DBF76}"
EndProject
Global
	GlobalSection(SolutionConfigurationPlatforms) = preSolution
		Debug|Any CPU = Debug|Any CPU
		Release|Any CPU = Release|Any CPU
	EndGlobalSection
	GlobalSection(ProjectConfigurationPlatforms) = postSolution
		{74C9A9EB-D8B6-402C-8539-2D68217DBF76}.Debug|Any CPU.ActiveCfg = Debug|Any CPU
		{74C9A9EB-D8B6-402C-8539-2D68217DBF76}.Debug|Any CPU.Build.0 = Debug|Any CPU
		{74C9A9EB-D8B6-402C-8539-2D68217DBF76}.Release|Any CPU.ActiveCfg = Release|Any CPU
		{74C9A9EB-D8B6-402C-8539-2D68217DBF76}.Release|Any CPU.Build.0 = Release|Any CPU
	EndGlobalSection
	GlobalSection(SolutionProperties) = preSolution
		HideSolutionNode = FALSE
	EndGlobalSection
	GlobalSection(ExtensibilityGlobals) = postSolution
		SolutionGuid = {E6C66D18-5CF0-4963-AA2D-F7B56F5A8A92}
	EndGlobalSection
EndGlobal
